
Microsoft Visual Studio Solution File, Format Version 12.00
# Visual Studio Version 16
VisualStudioVersion = 16.0.29613.14
MinimumVisualStudioVersion = 10.0.40219.1
Project("{9A19103F-16F7-4668-BE54-9A1E7A4F7556}") = "CJ.Exp.Admin", "CJ.Exp.Admin\CJ.Exp.Admin.csproj", "{C6A4E2F2-A456-4918-A872-51C35943E4CB}"
EndProject
Project("{9A19103F-16F7-4668-BE54-9A1E7A4F7556}") = "CJ.Exp.ServiceModels", "CJ.Exp.ServiceModels\CJ.Exp.ServiceModels.csproj", "{08954AC7-B03C-4B30-B696-A4082D0D4C50}"
EndProject
Project("{9A19103F-16F7-4668-BE54-9A1E7A4F7556}") = "CJ.Exp.API", "CJ.Exp.API\CJ.Exp.API.csproj", "{B11FE414-23C7-4D38-852C-B1B1785DE6B2}"
EndProject
Project("{9A19103F-16F7-4668-BE54-9A1E7A4F7556}") = "CJ.Exp.BusinessLogic", "CJ.Exp.BusinessLogic\CJ.Exp.BusinessLogic.csproj", "{644F47BB-15B7-41EE-9E14-B142E74C152E}"
EndProject
Project("{9A19103F-16F7-4668-BE54-9A1E7A4F7556}") = "CJ.Exp.Data.EF", "CJ.Exp.Data.EF\CJ.Exp.Data.EF.csproj", "{8333E50D-E974-4F48-885E-72AAA78E24F2}"
EndProject
Project("{9A19103F-16F7-4668-BE54-9A1E7A4F7556}") = "CJ.Exp.DomainInterfaces", "CJ.Exp.DomainInterfaces\CJ.Exp.DomainInterfaces.csproj", "{DD0CAC03-B02F-4B08-B3DF-67001650D1EB}"
EndProject
Project("{9A19103F-16F7-4668-BE54-9A1E7A4F7556}") = "CJ.Exp.CommonStartup", "CJ.Exp.CommonStartup\CJ.Exp.CommonStartup.csproj", "{8938DB22-FE5B-4923-848B-300DD76AD1CF}"
EndProject
Project("{2150E333-8FDC-42A3-9474-1A3956D46DE8}") = "Core", "Core", "{6A6C6956-EECF-46F4-9996-E4E0DB01143C}"
EndProject
Project("{2150E333-8FDC-42A3-9474-1A3956D46DE8}") = "UI", "UI", "{E6D4D00F-3F4F-46CA-AF33-28A591738020}"
EndProject
Project("{9A19103F-16F7-4668-BE54-9A1E7A4F7556}") = "CJ.Exp.Data.Interfaces", "CJ.Exp.Data.Interfaces\CJ.Exp.Data.Interfaces.csproj", "{8E79D5A5-2388-4B6F-9F2E-447BB018469E}"
EndProject
Project("{2150E333-8FDC-42A3-9474-1A3956D46DE8}") = "Intrastructure", "Intrastructure", "{21DCC040-176E-494E-92A1-CB31738E3568}"
EndProject
Project("{9A19103F-16F7-4668-BE54-9A1E7A4F7556}") = "CJ.Exp.Auth.EFIdentity", "CJ.Exp.Auth.EFIdentity\CJ.Exp.Auth.EFIdentity.csproj", "{E1145EB6-9914-439A-A954-534EC4E9C8E2}"
EndProject
Project("{2150E333-8FDC-42A3-9474-1A3956D46DE8}") = "EF", "EF", "{779A95D1-C4A8-4237-8AB3-FBF77900707F}"
EndProject
Project("{2150E333-8FDC-42A3-9474-1A3956D46DE8}") = "MongoDB", "MongoDB", "{23D97D4B-33C8-4A41-83DF-30099B59C972}"
EndProject
Project("{9A19103F-16F7-4668-BE54-9A1E7A4F7556}") = "CJ.Exp.Data.MongoDb", "CJ.Exp.Data.MongoDb\CJ.Exp.Data.MongoDb.csproj", "{3A8CADC3-6CB6-4BA3-8A65-9A43D1F62190}"
EndProject
Project("{9A19103F-16F7-4668-BE54-9A1E7A4F7556}") = "CJ.Exp.Core", "CJ.Exp.Core\CJ.Exp.Core.csproj", "{44923570-97D7-4303-9EEB-26218D9B2EA3}"
EndProject
Project("{2150E333-8FDC-42A3-9474-1A3956D46DE8}") = "Language", "Language", "{44DA70D8-1E90-4424-857B-8872ABD4CF4D}"
EndProject
Project("{9A19103F-16F7-4668-BE54-9A1E7A4F7556}") = "CJ.Exp.LanguageProvider", "CJ.Exp.LanguageProvider\CJ.Exp.LanguageProvider.csproj", "{2220B7C2-B955-4E84-AE06-BD1AD3A4A6D2}"
EndProject
Project("{2150E333-8FDC-42A3-9474-1A3956D46DE8}") = "Notification", "Notification", "{7687D604-D488-4A5C-9CBF-52AE665E9FC2}"
EndProject
Project("{9A19103F-16F7-4668-BE54-9A1E7A4F7556}") = "CJ.Exp.Notification", "CJ.Exp.Notification\CJ.Exp.Notification.csproj", "{0CEDE415-9689-438E-9D8B-D998F02527B7}"
EndProject
Project("{9A19103F-16F7-4668-BE54-9A1E7A4F7556}") = "CJ.App.Blazor", "CJ.App.Blazor\CJ.App.Blazor.csproj", "{B181436F-03DE-4F4E-BA03-E61E30BB7D7B}"
EndProject
Project("{FAE04EC0-301F-11D3-BF4B-00C04F79EFBC}") = "CJ.Exp.ApiModels", "CJ.Exp.ApiModels\CJ.Exp.ApiModels.csproj", "{C9C8DF5A-ECE1-4BFD-8815-753A8E79CB0B}"
EndProject
Global
	GlobalSection(SolutionConfigurationPlatforms) = preSolution
		Debug|Any CPU = Debug|Any CPU
		Release|Any CPU = Release|Any CPU
	EndGlobalSection
	GlobalSection(ProjectConfigurationPlatforms) = postSolution
		{C6A4E2F2-A456-4918-A872-51C35943E4CB}.Debug|Any CPU.ActiveCfg = Debug|Any CPU
		{C6A4E2F2-A456-4918-A872-51C35943E4CB}.Debug|Any CPU.Build.0 = Debug|Any CPU
		{C6A4E2F2-A456-4918-A872-51C35943E4CB}.Release|Any CPU.ActiveCfg = Release|Any CPU
		{C6A4E2F2-A456-4918-A872-51C35943E4CB}.Release|Any CPU.Build.0 = Release|Any CPU
		{08954AC7-B03C-4B30-B696-A4082D0D4C50}.Debug|Any CPU.ActiveCfg = Debug|Any CPU
		{08954AC7-B03C-4B30-B696-A4082D0D4C50}.Debug|Any CPU.Build.0 = Debug|Any CPU
		{08954AC7-B03C-4B30-B696-A4082D0D4C50}.Release|Any CPU.ActiveCfg = Release|Any CPU
		{08954AC7-B03C-4B30-B696-A4082D0D4C50}.Release|Any CPU.Build.0 = Release|Any CPU
		{B11FE414-23C7-4D38-852C-B1B1785DE6B2}.Debug|Any CPU.ActiveCfg = Debug|Any CPU
		{B11FE414-23C7-4D38-852C-B1B1785DE6B2}.Debug|Any CPU.Build.0 = Debug|Any CPU
		{B11FE414-23C7-4D38-852C-B1B1785DE6B2}.Release|Any CPU.ActiveCfg = Release|Any CPU
		{B11FE414-23C7-4D38-852C-B1B1785DE6B2}.Release|Any CPU.Build.0 = Release|Any CPU
		{644F47BB-15B7-41EE-9E14-B142E74C152E}.Debug|Any CPU.ActiveCfg = Debug|Any CPU
		{644F47BB-15B7-41EE-9E14-B142E74C152E}.Debug|Any CPU.Build.0 = Debug|Any CPU
		{644F47BB-15B7-41EE-9E14-B142E74C152E}.Release|Any CPU.ActiveCfg = Release|Any CPU
		{644F47BB-15B7-41EE-9E14-B142E74C152E}.Release|Any CPU.Build.0 = Release|Any CPU
		{8333E50D-E974-4F48-885E-72AAA78E24F2}.Debug|Any CPU.ActiveCfg = Debug|Any CPU
		{8333E50D-E974-4F48-885E-72AAA78E24F2}.Debug|Any CPU.Build.0 = Debug|Any CPU
		{8333E50D-E974-4F48-885E-72AAA78E24F2}.Release|Any CPU.ActiveCfg = Release|Any CPU
		{8333E50D-E974-4F48-885E-72AAA78E24F2}.Release|Any CPU.Build.0 = Release|Any CPU
		{DD0CAC03-B02F-4B08-B3DF-67001650D1EB}.Debug|Any CPU.ActiveCfg = Debug|Any CPU
		{DD0CAC03-B02F-4B08-B3DF-67001650D1EB}.Debug|Any CPU.Build.0 = Debug|Any CPU
		{DD0CAC03-B02F-4B08-B3DF-67001650D1EB}.Release|Any CPU.ActiveCfg = Release|Any CPU
		{DD0CAC03-B02F-4B08-B3DF-67001650D1EB}.Release|Any CPU.Build.0 = Release|Any CPU
		{8938DB22-FE5B-4923-848B-300DD76AD1CF}.Debug|Any CPU.ActiveCfg = Debug|Any CPU
		{8938DB22-FE5B-4923-848B-300DD76AD1CF}.Debug|Any CPU.Build.0 = Debug|Any CPU
		{8938DB22-FE5B-4923-848B-300DD76AD1CF}.Release|Any CPU.ActiveCfg = Release|Any CPU
		{8938DB22-FE5B-4923-848B-300DD76AD1CF}.Release|Any CPU.Build.0 = Release|Any CPU
		{8E79D5A5-2388-4B6F-9F2E-447BB018469E}.Debug|Any CPU.ActiveCfg = Debug|Any CPU
		{8E79D5A5-2388-4B6F-9F2E-447BB018469E}.Debug|Any CPU.Build.0 = Debug|Any CPU
		{8E79D5A5-2388-4B6F-9F2E-447BB018469E}.Release|Any CPU.ActiveCfg = Release|Any CPU
		{8E79D5A5-2388-4B6F-9F2E-447BB018469E}.Release|Any CPU.Build.0 = Release|Any CPU
		{E1145EB6-9914-439A-A954-534EC4E9C8E2}.Debug|Any CPU.ActiveCfg = Debug|Any CPU
		{E1145EB6-9914-439A-A954-534EC4E9C8E2}.Debug|Any CPU.Build.0 = Debug|Any CPU
		{E1145EB6-9914-439A-A954-534EC4E9C8E2}.Release|Any CPU.ActiveCfg = Release|Any CPU
		{E1145EB6-9914-439A-A954-534EC4E9C8E2}.Release|Any CPU.Build.0 = Release|Any CPU
		{3A8CADC3-6CB6-4BA3-8A65-9A43D1F62190}.Debug|Any CPU.ActiveCfg = Debug|Any CPU
		{3A8CADC3-6CB6-4BA3-8A65-9A43D1F62190}.Debug|Any CPU.Build.0 = Debug|Any CPU
		{3A8CADC3-6CB6-4BA3-8A65-9A43D1F62190}.Release|Any CPU.ActiveCfg = Release|Any CPU
		{3A8CADC3-6CB6-4BA3-8A65-9A43D1F62190}.Release|Any CPU.Build.0 = Release|Any CPU
		{44923570-97D7-4303-9EEB-26218D9B2EA3}.Debug|Any CPU.ActiveCfg = Debug|Any CPU
		{44923570-97D7-4303-9EEB-26218D9B2EA3}.Debug|Any CPU.Build.0 = Debug|Any CPU
		{44923570-97D7-4303-9EEB-26218D9B2EA3}.Release|Any CPU.ActiveCfg = Release|Any CPU
		{44923570-97D7-4303-9EEB-26218D9B2EA3}.Release|Any CPU.Build.0 = Release|Any CPU
		{2220B7C2-B955-4E84-AE06-BD1AD3A4A6D2}.Debug|Any CPU.ActiveCfg = Debug|Any CPU
		{2220B7C2-B955-4E84-AE06-BD1AD3A4A6D2}.Debug|Any CPU.Build.0 = Debug|Any CPU
		{2220B7C2-B955-4E84-AE06-BD1AD3A4A6D2}.Release|Any CPU.ActiveCfg = Release|Any CPU
		{2220B7C2-B955-4E84-AE06-BD1AD3A4A6D2}.Release|Any CPU.Build.0 = Release|Any CPU
		{0CEDE415-9689-438E-9D8B-D998F02527B7}.Debug|Any CPU.ActiveCfg = Debug|Any CPU
		{0CEDE415-9689-438E-9D8B-D998F02527B7}.Debug|Any CPU.Build.0 = Debug|Any CPU
		{0CEDE415-9689-438E-9D8B-D998F02527B7}.Release|Any CPU.ActiveCfg = Release|Any CPU
		{0CEDE415-9689-438E-9D8B-D998F02527B7}.Release|Any CPU.Build.0 = Release|Any CPU
		{B181436F-03DE-4F4E-BA03-E61E30BB7D7B}.Debug|Any CPU.ActiveCfg = Debug|Any CPU
		{B181436F-03DE-4F4E-BA03-E61E30BB7D7B}.Debug|Any CPU.Build.0 = Debug|Any CPU
		{B181436F-03DE-4F4E-BA03-E61E30BB7D7B}.Release|Any CPU.ActiveCfg = Release|Any CPU
		{B181436F-03DE-4F4E-BA03-E61E30BB7D7B}.Release|Any CPU.Build.0 = Release|Any CPU
		{C9C8DF5A-ECE1-4BFD-8815-753A8E79CB0B}.Debug|Any CPU.ActiveCfg = Debug|Any CPU
		{C9C8DF5A-ECE1-4BFD-8815-753A8E79CB0B}.Debug|Any CPU.Build.0 = Debug|Any CPU
		{C9C8DF5A-ECE1-4BFD-8815-753A8E79CB0B}.Release|Any CPU.ActiveCfg = Release|Any CPU
		{C9C8DF5A-ECE1-4BFD-8815-753A8E79CB0B}.Release|Any CPU.Build.0 = Release|Any CPU
	EndGlobalSection
	GlobalSection(SolutionProperties) = preSolution
		HideSolutionNode = FALSE
	EndGlobalSection
	GlobalSection(NestedProjects) = preSolution
		{C6A4E2F2-A456-4918-A872-51C35943E4CB} = {E6D4D00F-3F4F-46CA-AF33-28A591738020}
		{08954AC7-B03C-4B30-B696-A4082D0D4C50} = {6A6C6956-EECF-46F4-9996-E4E0DB01143C}
		{B11FE414-23C7-4D38-852C-B1B1785DE6B2} = {E6D4D00F-3F4F-46CA-AF33-28A591738020}
		{644F47BB-15B7-41EE-9E14-B142E74C152E} = {6A6C6956-EECF-46F4-9996-E4E0DB01143C}
		{8333E50D-E974-4F48-885E-72AAA78E24F2} = {779A95D1-C4A8-4237-8AB3-FBF77900707F}
		{DD0CAC03-B02F-4B08-B3DF-67001650D1EB} = {6A6C6956-EECF-46F4-9996-E4E0DB01143C}
		{8938DB22-FE5B-4923-848B-300DD76AD1CF} = {E6D4D00F-3F4F-46CA-AF33-28A591738020}
		{8E79D5A5-2388-4B6F-9F2E-447BB018469E} = {6A6C6956-EECF-46F4-9996-E4E0DB01143C}
		{E1145EB6-9914-439A-A954-534EC4E9C8E2} = {779A95D1-C4A8-4237-8AB3-FBF77900707F}
		{779A95D1-C4A8-4237-8AB3-FBF77900707F} = {21DCC040-176E-494E-92A1-CB31738E3568}
		{23D97D4B-33C8-4A41-83DF-30099B59C972} = {21DCC040-176E-494E-92A1-CB31738E3568}
		{3A8CADC3-6CB6-4BA3-8A65-9A43D1F62190} = {23D97D4B-33C8-4A41-83DF-30099B59C972}
		{44923570-97D7-4303-9EEB-26218D9B2EA3} = {6A6C6956-EECF-46F4-9996-E4E0DB01143C}
		{44DA70D8-1E90-4424-857B-8872ABD4CF4D} = {21DCC040-176E-494E-92A1-CB31738E3568}
		{2220B7C2-B955-4E84-AE06-BD1AD3A4A6D2} = {44DA70D8-1E90-4424-857B-8872ABD4CF4D}
		{7687D604-D488-4A5C-9CBF-52AE665E9FC2} = {21DCC040-176E-494E-92A1-CB31738E3568}
		{0CEDE415-9689-438E-9D8B-D998F02527B7} = {7687D604-D488-4A5C-9CBF-52AE665E9FC2}
		{B181436F-03DE-4F4E-BA03-E61E30BB7D7B} = {E6D4D00F-3F4F-46CA-AF33-28A591738020}
		{C9C8DF5A-ECE1-4BFD-8815-753A8E79CB0B} = {E6D4D00F-3F4F-46CA-AF33-28A591738020}
	EndGlobalSection
	GlobalSection(ExtensibilityGlobals) = postSolution
		SolutionGuid = {464D419D-79C5-42E4-B47E-97FB664DB552}
	EndGlobalSection
EndGlobal
