
Microsoft Visual Studio Solution File, Format Version 12.00
# Visual Studio 15
VisualStudioVersion = 15.0.27130.2036
MinimumVisualStudioVersion = 10.0.40219.1
Project("{9A19103F-16F7-4668-BE54-9A1E7A4F7556}") = "CJ.Exp.Admin", "CJ.Exp.Admin\CJ.Exp.Admin.csproj", "{C6A4E2F2-A456-4918-A872-51C35943E4CB}"
EndProject
Project("{9A19103F-16F7-4668-BE54-9A1E7A4F7556}") = "CJ.Exp.ServiceModels", "CJ.Exp.ServiceModels\CJ.Exp.ServiceModels.csproj", "{08954AC7-B03C-4B30-B696-A4082D0D4C50}"
EndProject
Project("{9A19103F-16F7-4668-BE54-9A1E7A4F7556}") = "CJ.Exp.API", "CJ.Exp.API\CJ.Exp.API.csproj", "{B11FE414-23C7-4D38-852C-B1B1785DE6B2}"
EndProject
Project("{9A19103F-16F7-4668-BE54-9A1E7A4F7556}") = "CJ.Exp.BusinessLogic", "CJ.Exp.BusinessLogic\CJ.Exp.BusinessLogic.csproj", "{644F47BB-15B7-41EE-9E14-B142E74C152E}"
EndProject
Project("{9A19103F-16F7-4668-BE54-9A1E7A4F7556}") = "CJ.Exp.Data", "CJ.Exp.Data\CJ.Exp.Data.csproj", "{8333E50D-E974-4F48-885E-72AAA78E24F2}"
EndProject
Project("{9A19103F-16F7-4668-BE54-9A1E7A4F7556}") = "CJ.Exp.BusinessLogic.Interfaces", "CJ.Exp.BusinessLogic.Interfaces\CJ.Exp.BusinessLogic.Interfaces.csproj", "{DD0CAC03-B02F-4B08-B3DF-67001650D1EB}"
EndProject
Project("{9A19103F-16F7-4668-BE54-9A1E7A4F7556}") = "CJ.Exp.CommonStartup", "CJ.Exp.CommonStartup\CJ.Exp.CommonStartup.csproj", "{8938DB22-FE5B-4923-848B-300DD76AD1CF}"
EndProject
Project("{2150E333-8FDC-42A3-9474-1A3956D46DE8}") = "Core", "Core", "{6A6C6956-EECF-46F4-9996-E4E0DB01143C}"
EndProject
Project("{2150E333-8FDC-42A3-9474-1A3956D46DE8}") = "UI", "UI", "{E6D4D00F-3F4F-46CA-AF33-28A591738020}"
EndProject
Project("{2150E333-8FDC-42A3-9474-1A3956D46DE8}") = "Data", "Data", "{CA078173-07B6-47A6-A3F4-90E7461056EB}"
EndProject
Global
	GlobalSection(SolutionConfigurationPlatforms) = preSolution
		Debug|Any CPU = Debug|Any CPU
		Release|Any CPU = Release|Any CPU
	EndGlobalSection
	GlobalSection(ProjectConfigurationPlatforms) = postSolution
		{C6A4E2F2-A456-4918-A872-51C35943E4CB}.Debug|Any CPU.ActiveCfg = Debug|Any CPU
		{C6A4E2F2-A456-4918-A872-51C35943E4CB}.Debug|Any CPU.Build.0 = Debug|Any CPU
		{C6A4E2F2-A456-4918-A872-51C35943E4CB}.Release|Any CPU.ActiveCfg = Release|Any CPU
		{C6A4E2F2-A456-4918-A872-51C35943E4CB}.Release|Any CPU.Build.0 = Release|Any CPU
		{08954AC7-B03C-4B30-B696-A4082D0D4C50}.Debug|Any CPU.ActiveCfg = Debug|Any CPU
		{08954AC7-B03C-4B30-B696-A4082D0D4C50}.Debug|Any CPU.Build.0 = Debug|Any CPU
		{08954AC7-B03C-4B30-B696-A4082D0D4C50}.Release|Any CPU.ActiveCfg = Release|Any CPU
		{08954AC7-B03C-4B30-B696-A4082D0D4C50}.Release|Any CPU.Build.0 = Release|Any CPU
		{B11FE414-23C7-4D38-852C-B1B1785DE6B2}.Debug|Any CPU.ActiveCfg = Debug|Any CPU
		{B11FE414-23C7-4D38-852C-B1B1785DE6B2}.Debug|Any CPU.Build.0 = Debug|Any CPU
		{B11FE414-23C7-4D38-852C-B1B1785DE6B2}.Release|Any CPU.ActiveCfg = Release|Any CPU
		{B11FE414-23C7-4D38-852C-B1B1785DE6B2}.Release|Any CPU.Build.0 = Release|Any CPU
		{644F47BB-15B7-41EE-9E14-B142E74C152E}.Debug|Any CPU.ActiveCfg = Debug|Any CPU
		{644F47BB-15B7-41EE-9E14-B142E74C152E}.Debug|Any CPU.Build.0 = Debug|Any CPU
		{644F47BB-15B7-41EE-9E14-B142E74C152E}.Release|Any CPU.ActiveCfg = Release|Any CPU
		{644F47BB-15B7-41EE-9E14-B142E74C152E}.Release|Any CPU.Build.0 = Release|Any CPU
		{8333E50D-E974-4F48-885E-72AAA78E24F2}.Debug|Any CPU.ActiveCfg = Debug|Any CPU
		{8333E50D-E974-4F48-885E-72AAA78E24F2}.Debug|Any CPU.Build.0 = Debug|Any CPU
		{8333E50D-E974-4F48-885E-72AAA78E24F2}.Release|Any CPU.ActiveCfg = Release|Any CPU
		{8333E50D-E974-4F48-885E-72AAA78E24F2}.Release|Any CPU.Build.0 = Release|Any CPU
		{DD0CAC03-B02F-4B08-B3DF-67001650D1EB}.Debug|Any CPU.ActiveCfg = Debug|Any CPU
		{DD0CAC03-B02F-4B08-B3DF-67001650D1EB}.Debug|Any CPU.Build.0 = Debug|Any CPU
		{DD0CAC03-B02F-4B08-B3DF-67001650D1EB}.Release|Any CPU.ActiveCfg = Release|Any CPU
		{DD0CAC03-B02F-4B08-B3DF-67001650D1EB}.Release|Any CPU.Build.0 = Release|Any CPU
		{8938DB22-FE5B-4923-848B-300DD76AD1CF}.Debug|Any CPU.ActiveCfg = Debug|Any CPU
		{8938DB22-FE5B-4923-848B-300DD76AD1CF}.Debug|Any CPU.Build.0 = Debug|Any CPU
		{8938DB22-FE5B-4923-848B-300DD76AD1CF}.Release|Any CPU.ActiveCfg = Release|Any CPU
		{8938DB22-FE5B-4923-848B-300DD76AD1CF}.Release|Any CPU.Build.0 = Release|Any CPU
	EndGlobalSection
	GlobalSection(SolutionProperties) = preSolution
		HideSolutionNode = FALSE
	EndGlobalSection
	GlobalSection(NestedProjects) = preSolution
		{C6A4E2F2-A456-4918-A872-51C35943E4CB} = {E6D4D00F-3F4F-46CA-AF33-28A591738020}
		{08954AC7-B03C-4B30-B696-A4082D0D4C50} = {6A6C6956-EECF-46F4-9996-E4E0DB01143C}
		{B11FE414-23C7-4D38-852C-B1B1785DE6B2} = {E6D4D00F-3F4F-46CA-AF33-28A591738020}
		{644F47BB-15B7-41EE-9E14-B142E74C152E} = {6A6C6956-EECF-46F4-9996-E4E0DB01143C}
		{8333E50D-E974-4F48-885E-72AAA78E24F2} = {CA078173-07B6-47A6-A3F4-90E7461056EB}
		{DD0CAC03-B02F-4B08-B3DF-67001650D1EB} = {6A6C6956-EECF-46F4-9996-E4E0DB01143C}
		{8938DB22-FE5B-4923-848B-300DD76AD1CF} = {E6D4D00F-3F4F-46CA-AF33-28A591738020}
	EndGlobalSection
	GlobalSection(ExtensibilityGlobals) = postSolution
		SolutionGuid = {464D419D-79C5-42E4-B47E-97FB664DB552}
	EndGlobalSection
EndGlobal
