
Microsoft Visual Studio Solution File, Format Version 12.00
# Visual Studio 15
VisualStudioVersion = 15.0.27130.2036
MinimumVisualStudioVersion = 10.0.40219.1
Project("{9A19103F-16F7-4668-BE54-9A1E7A4F7556}") = "CJ.Exp.Admin", "CJ.Exp.Admin\CJ.Exp.Admin.csproj", "{C6A4E2F2-A456-4918-A872-51C35943E4CB}"
EndProject
Project("{9A19103F-16F7-4668-BE54-9A1E7A4F7556}") = "CJ.Exp.BusinessLogic.Auth", "CJ.Exp.Auth\CJ.Exp.BusinessLogic.Auth.csproj", "{DBDAF522-ED66-4807-94FA-C0F6FD769EB2}"
EndProject
Project("{9A19103F-16F7-4668-BE54-9A1E7A4F7556}") = "CJ.Exp.Auth.Interfaces", "CJ.Exp.Auth.Interfaces\CJ.Exp.Auth.Interfaces.csproj", "{2AFEDF05-8DD0-42B1-A6CF-F6CE29C30435}"
EndProject
Project("{9A19103F-16F7-4668-BE54-9A1E7A4F7556}") = "CJ.Exp.ServiceModels", "CJ.Exp.ServiceModels\CJ.Exp.ServiceModels.csproj", "{08954AC7-B03C-4B30-B696-A4082D0D4C50}"
EndProject
Project("{FAE04EC0-301F-11D3-BF4B-00C04F79EFBC}") = "CJ.Exp.API", "CJ.Exp.API\CJ.Exp.API.csproj", "{B11FE414-23C7-4D38-852C-B1B1785DE6B2}"
EndProject
Global
	GlobalSection(SolutionConfigurationPlatforms) = preSolution
		Debug|Any CPU = Debug|Any CPU
		Release|Any CPU = Release|Any CPU
	EndGlobalSection
	GlobalSection(ProjectConfigurationPlatforms) = postSolution
		{C6A4E2F2-A456-4918-A872-51C35943E4CB}.Debug|Any CPU.ActiveCfg = Debug|Any CPU
		{C6A4E2F2-A456-4918-A872-51C35943E4CB}.Debug|Any CPU.Build.0 = Debug|Any CPU
		{C6A4E2F2-A456-4918-A872-51C35943E4CB}.Release|Any CPU.ActiveCfg = Release|Any CPU
		{C6A4E2F2-A456-4918-A872-51C35943E4CB}.Release|Any CPU.Build.0 = Release|Any CPU
		{DBDAF522-ED66-4807-94FA-C0F6FD769EB2}.Debug|Any CPU.ActiveCfg = Debug|Any CPU
		{DBDAF522-ED66-4807-94FA-C0F6FD769EB2}.Debug|Any CPU.Build.0 = Debug|Any CPU
		{DBDAF522-ED66-4807-94FA-C0F6FD769EB2}.Release|Any CPU.ActiveCfg = Release|Any CPU
		{DBDAF522-ED66-4807-94FA-C0F6FD769EB2}.Release|Any CPU.Build.0 = Release|Any CPU
		{2AFEDF05-8DD0-42B1-A6CF-F6CE29C30435}.Debug|Any CPU.ActiveCfg = Debug|Any CPU
		{2AFEDF05-8DD0-42B1-A6CF-F6CE29C30435}.Debug|Any CPU.Build.0 = Debug|Any CPU
		{2AFEDF05-8DD0-42B1-A6CF-F6CE29C30435}.Release|Any CPU.ActiveCfg = Release|Any CPU
		{2AFEDF05-8DD0-42B1-A6CF-F6CE29C30435}.Release|Any CPU.Build.0 = Release|Any CPU
		{08954AC7-B03C-4B30-B696-A4082D0D4C50}.Debug|Any CPU.ActiveCfg = Debug|Any CPU
		{08954AC7-B03C-4B30-B696-A4082D0D4C50}.Debug|Any CPU.Build.0 = Debug|Any CPU
		{08954AC7-B03C-4B30-B696-A4082D0D4C50}.Release|Any CPU.ActiveCfg = Release|Any CPU
		{08954AC7-B03C-4B30-B696-A4082D0D4C50}.Release|Any CPU.Build.0 = Release|Any CPU
		{B11FE414-23C7-4D38-852C-B1B1785DE6B2}.Debug|Any CPU.ActiveCfg = Debug|Any CPU
		{B11FE414-23C7-4D38-852C-B1B1785DE6B2}.Debug|Any CPU.Build.0 = Debug|Any CPU
		{B11FE414-23C7-4D38-852C-B1B1785DE6B2}.Release|Any CPU.ActiveCfg = Release|Any CPU
		{B11FE414-23C7-4D38-852C-B1B1785DE6B2}.Release|Any CPU.Build.0 = Release|Any CPU
	EndGlobalSection
	GlobalSection(SolutionProperties) = preSolution
		HideSolutionNode = FALSE
	EndGlobalSection
	GlobalSection(ExtensibilityGlobals) = postSolution
		SolutionGuid = {464D419D-79C5-42E4-B47E-97FB664DB552}
	EndGlobalSection
EndGlobal
